// !$*UTF8*$!
{
	archiveVersion = 1;
	classes = {
	};
	objectVersion = 56;
	objects = {

/* Begin PBXBuildFile section */
		D3023B7C28F39811005AB4E5 /* String+trimmingPrefix.swift in Sources */ = {isa = PBXBuildFile; fileRef = D3023B7B28F39811005AB4E5 /* String+trimmingPrefix.swift */; };
		D310E914291361E5003D26A6 /* NavigationLink+largeBlueButton.swift in Sources */ = {isa = PBXBuildFile; fileRef = D310E913291361E5003D26A6 /* NavigationLink+largeBlueButton.swift */; };
		D32F52D728EF3F71007ED0DA /* QueryType.swift in Sources */ = {isa = PBXBuildFile; fileRef = D32F52D628EF3F71007ED0DA /* QueryType.swift */; };
		D32F52D928EF447C007ED0DA /* NetworkingManager.swift in Sources */ = {isa = PBXBuildFile; fileRef = D32F52D828EF447C007ED0DA /* NetworkingManager.swift */; };
		D32F52DB28EF44F0007ED0DA /* NetworkManager+NetworkingError.swift in Sources */ = {isa = PBXBuildFile; fileRef = D32F52DA28EF44F0007ED0DA /* NetworkManager+NetworkingError.swift */; };
		D341654528F1FA3E0048819D /* URLBuilder.swift in Sources */ = {isa = PBXBuildFile; fileRef = D341654428F1FA3E0048819D /* URLBuilder.swift */; };
		D375C2A328F216FA00B284D2 /* CostSymbolView.swift in Sources */ = {isa = PBXBuildFile; fileRef = D375C2A228F216FA00B284D2 /* CostSymbolView.swift */; };
		D375C2A628F217EB00B284D2 /* ActivityTypeLabel.swift in Sources */ = {isa = PBXBuildFile; fileRef = D375C2A528F217EB00B284D2 /* ActivityTypeLabel.swift */; };
		D375C2A828F21A3600B284D2 /* AccessibilityLevelView.swift in Sources */ = {isa = PBXBuildFile; fileRef = D375C2A728F21A3600B284D2 /* AccessibilityLevelView.swift */; };
		D375C2AA28F2253800B284D2 /* HomeView.swift in Sources */ = {isa = PBXBuildFile; fileRef = D375C2A928F2253800B284D2 /* HomeView.swift */; };
		D375C2AF28F22BE000B284D2 /* HomeViewModel.swift in Sources */ = {isa = PBXBuildFile; fileRef = D375C2AE28F22BE000B284D2 /* HomeViewModel.swift */; };
		D3C5A30E28F20662002155A3 /* CustomActivitySearchView.swift in Sources */ = {isa = PBXBuildFile; fileRef = D3C5A30D28F20662002155A3 /* CustomActivitySearchView.swift */; };
		D3C5A31028F206A2002155A3 /* CustomActivitySearchViewModel.swift in Sources */ = {isa = PBXBuildFile; fileRef = D3C5A30F28F206A2002155A3 /* CustomActivitySearchViewModel.swift */; };
		D3F229AA28EE396B00685B95 /* SoBoredApp.swift in Sources */ = {isa = PBXBuildFile; fileRef = D3F229A928EE396B00685B95 /* SoBoredApp.swift */; };
		D3F229AC28EE396B00685B95 /* ActivityView.swift in Sources */ = {isa = PBXBuildFile; fileRef = D3F229AB28EE396B00685B95 /* ActivityView.swift */; };
		D3F229AE28EE396C00685B95 /* Assets.xcassets in Resources */ = {isa = PBXBuildFile; fileRef = D3F229AD28EE396C00685B95 /* Assets.xcassets */; };
		D3F229B128EE396C00685B95 /* Preview Assets.xcassets in Resources */ = {isa = PBXBuildFile; fileRef = D3F229B028EE396C00685B95 /* Preview Assets.xcassets */; };
		D3F229B928EE3A5E00685B95 /* ActivityItem.swift in Sources */ = {isa = PBXBuildFile; fileRef = D3F229B828EE3A5E00685B95 /* ActivityItem.swift */; };
		D3F229BF28EE4B0700685B95 /* Color+Ext.swift in Sources */ = {isa = PBXBuildFile; fileRef = D3F229BE28EE4B0700685B95 /* Color+Ext.swift */; };
/* End PBXBuildFile section */

/* Begin PBXFileReference section */
		D3023B7B28F39811005AB4E5 /* String+trimmingPrefix.swift */ = {isa = PBXFileReference; lastKnownFileType = sourcecode.swift; path = "String+trimmingPrefix.swift"; sourceTree = "<group>"; };
		D310E913291361E5003D26A6 /* NavigationLink+largeBlueButton.swift */ = {isa = PBXFileReference; lastKnownFileType = sourcecode.swift; path = "NavigationLink+largeBlueButton.swift"; sourceTree = "<group>"; };
		D32F52D628EF3F71007ED0DA /* QueryType.swift */ = {isa = PBXFileReference; lastKnownFileType = sourcecode.swift; path = QueryType.swift; sourceTree = "<group>"; };
		D32F52D828EF447C007ED0DA /* NetworkingManager.swift */ = {isa = PBXFileReference; lastKnownFileType = sourcecode.swift; path = NetworkingManager.swift; sourceTree = "<group>"; };
		D32F52DA28EF44F0007ED0DA /* NetworkManager+NetworkingError.swift */ = {isa = PBXFileReference; lastKnownFileType = sourcecode.swift; path = "NetworkManager+NetworkingError.swift"; sourceTree = "<group>"; };
		D341654428F1FA3E0048819D /* URLBuilder.swift */ = {isa = PBXFileReference; lastKnownFileType = sourcecode.swift; path = URLBuilder.swift; sourceTree = "<group>"; };
		D375C2A228F216FA00B284D2 /* CostSymbolView.swift */ = {isa = PBXFileReference; lastKnownFileType = sourcecode.swift; path = CostSymbolView.swift; sourceTree = "<group>"; };
		D375C2A528F217EB00B284D2 /* ActivityTypeLabel.swift */ = {isa = PBXFileReference; lastKnownFileType = sourcecode.swift; path = ActivityTypeLabel.swift; sourceTree = "<group>"; };
		D375C2A728F21A3600B284D2 /* AccessibilityLevelView.swift */ = {isa = PBXFileReference; lastKnownFileType = sourcecode.swift; path = AccessibilityLevelView.swift; sourceTree = "<group>"; };
		D375C2A928F2253800B284D2 /* HomeView.swift */ = {isa = PBXFileReference; lastKnownFileType = sourcecode.swift; path = HomeView.swift; sourceTree = "<group>"; };
		D375C2AE28F22BE000B284D2 /* HomeViewModel.swift */ = {isa = PBXFileReference; lastKnownFileType = sourcecode.swift; path = HomeViewModel.swift; sourceTree = "<group>"; };
		D3C5A30D28F20662002155A3 /* CustomActivitySearchView.swift */ = {isa = PBXFileReference; lastKnownFileType = sourcecode.swift; path = CustomActivitySearchView.swift; sourceTree = "<group>"; };
		D3C5A30F28F206A2002155A3 /* CustomActivitySearchViewModel.swift */ = {isa = PBXFileReference; lastKnownFileType = sourcecode.swift; path = CustomActivitySearchViewModel.swift; sourceTree = "<group>"; };
		D3F229A628EE396B00685B95 /* SoBored.app */ = {isa = PBXFileReference; explicitFileType = wrapper.application; includeInIndex = 0; path = SoBored.app; sourceTree = BUILT_PRODUCTS_DIR; };
		D3F229A928EE396B00685B95 /* SoBoredApp.swift */ = {isa = PBXFileReference; lastKnownFileType = sourcecode.swift; path = SoBoredApp.swift; sourceTree = "<group>"; };
		D3F229AB28EE396B00685B95 /* ActivityView.swift */ = {isa = PBXFileReference; lastKnownFileType = sourcecode.swift; path = ActivityView.swift; sourceTree = "<group>"; wrapsLines = 1; };
		D3F229AD28EE396C00685B95 /* Assets.xcassets */ = {isa = PBXFileReference; lastKnownFileType = folder.assetcatalog; path = Assets.xcassets; sourceTree = "<group>"; };
		D3F229B028EE396C00685B95 /* Preview Assets.xcassets */ = {isa = PBXFileReference; lastKnownFileType = folder.assetcatalog; path = "Preview Assets.xcassets"; sourceTree = "<group>"; };
		D3F229B828EE3A5E00685B95 /* ActivityItem.swift */ = {isa = PBXFileReference; lastKnownFileType = sourcecode.swift; path = ActivityItem.swift; sourceTree = "<group>"; };
		D3F229BE28EE4B0700685B95 /* Color+Ext.swift */ = {isa = PBXFileReference; lastKnownFileType = sourcecode.swift; path = "Color+Ext.swift"; sourceTree = "<group>"; };
/* End PBXFileReference section */

/* Begin PBXFrameworksBuildPhase section */
		D3F229A328EE396B00685B95 /* Frameworks */ = {
			isa = PBXFrameworksBuildPhase;
			buildActionMask = 2147483647;
			files = (
			);
			runOnlyForDeploymentPostprocessing = 0;
		};
/* End PBXFrameworksBuildPhase section */

/* Begin PBXGroup section */
		D32F52D528EF3F61007ED0DA /* Networking */ = {
			isa = PBXGroup;
			children = (
				D32F52D628EF3F71007ED0DA /* QueryType.swift */,
				D341654428F1FA3E0048819D /* URLBuilder.swift */,
				D32F52DA28EF44F0007ED0DA /* NetworkManager+NetworkingError.swift */,
				D32F52D828EF447C007ED0DA /* NetworkingManager.swift */,
			);
			path = Networking;
			sourceTree = "<group>";
		};
		D375C2A428F2171800B284D2 /* Activity View */ = {
			isa = PBXGroup;
			children = (
				D375C2A528F217EB00B284D2 /* ActivityTypeLabel.swift */,
				D375C2A228F216FA00B284D2 /* CostSymbolView.swift */,
				D375C2A728F21A3600B284D2 /* AccessibilityLevelView.swift */,
				D3F229AB28EE396B00685B95 /* ActivityView.swift */,
			);
			path = "Activity View";
			sourceTree = "<group>";
		};
		D375C2AB28F2253C00B284D2 /* Home */ = {
			isa = PBXGroup;
			children = (
				D375C2AE28F22BE000B284D2 /* HomeViewModel.swift */,
				D375C2A928F2253800B284D2 /* HomeView.swift */,
			);
			path = Home;
			sourceTree = "<group>";
		};
		D3C5A30A28F205C7002155A3 /* Features */ = {
			isa = PBXGroup;
			children = (
				D375C2A428F2171800B284D2 /* Activity View */,
				D375C2AB28F2253C00B284D2 /* Home */,
				D3C5A30C28F20643002155A3 /* Custom Search */,
			);
			path = Features;
			sourceTree = "<group>";
		};
		D3C5A30B28F205DD002155A3 /* Shared */ = {
			isa = PBXGroup;
			children = (
				D3F229BD28EE4AF400685B95 /* Utils */,
				D3F229B728EE39D900685B95 /* Models */,
				D32F52D528EF3F61007ED0DA /* Networking */,
			);
			path = Shared;
			sourceTree = "<group>";
		};
		D3C5A30C28F20643002155A3 /* Custom Search */ = {
			isa = PBXGroup;
			children = (
				D3C5A30F28F206A2002155A3 /* CustomActivitySearchViewModel.swift */,
				D3C5A30D28F20662002155A3 /* CustomActivitySearchView.swift */,
			);
			path = "Custom Search";
			sourceTree = "<group>";
		};
		D3F2299D28EE396B00685B95 = {
			isa = PBXGroup;
			children = (
				D3F229A828EE396B00685B95 /* SoBored */,
				D3F229A728EE396B00685B95 /* Products */,
			);
			sourceTree = "<group>";
		};
		D3F229A728EE396B00685B95 /* Products */ = {
			isa = PBXGroup;
			children = (
				D3F229A628EE396B00685B95 /* SoBored.app */,
			);
			name = Products;
			sourceTree = "<group>";
		};
		D3F229A828EE396B00685B95 /* SoBored */ = {
			isa = PBXGroup;
			children = (
				D3F229A928EE396B00685B95 /* SoBoredApp.swift */,
				D3C5A30B28F205DD002155A3 /* Shared */,
				D3C5A30A28F205C7002155A3 /* Features */,
				D3F229AD28EE396C00685B95 /* Assets.xcassets */,
				D3F229AF28EE396C00685B95 /* Preview Content */,
			);
			path = SoBored;
			sourceTree = "<group>";
		};
		D3F229AF28EE396C00685B95 /* Preview Content */ = {
			isa = PBXGroup;
			children = (
				D3F229B028EE396C00685B95 /* Preview Assets.xcassets */,
			);
			path = "Preview Content";
			sourceTree = "<group>";
		};
		D3F229B728EE39D900685B95 /* Models */ = {
			isa = PBXGroup;
			children = (
				D3F229B828EE3A5E00685B95 /* ActivityItem.swift */,
			);
			path = Models;
			sourceTree = "<group>";
		};
		D3F229BD28EE4AF400685B95 /* Utils */ = {
			isa = PBXGroup;
			children = (
				D3023B7B28F39811005AB4E5 /* String+trimmingPrefix.swift */,
				D3F229BE28EE4B0700685B95 /* Color+Ext.swift */,
				D310E913291361E5003D26A6 /* NavigationLink+largeBlueButton.swift */,
			);
			path = Utils;
			sourceTree = "<group>";
		};
/* End PBXGroup section */

/* Begin PBXNativeTarget section */
		D3F229A528EE396B00685B95 /* SoBored */ = {
			isa = PBXNativeTarget;
			buildConfigurationList = D3F229B428EE396C00685B95 /* Build configuration list for PBXNativeTarget "SoBored" */;
			buildPhases = (
				D3F229A228EE396B00685B95 /* Sources */,
				D3F229A328EE396B00685B95 /* Frameworks */,
				D3F229A428EE396B00685B95 /* Resources */,
			);
			buildRules = (
			);
			dependencies = (
			);
			name = SoBored;
			productName = SoBored;
			productReference = D3F229A628EE396B00685B95 /* SoBored.app */;
			productType = "com.apple.product-type.application";
		};
/* End PBXNativeTarget section */

/* Begin PBXProject section */
		D3F2299E28EE396B00685B95 /* Project object */ = {
			isa = PBXProject;
			attributes = {
				BuildIndependentTargetsInParallel = 1;
				LastSwiftUpdateCheck = 1400;
				LastUpgradeCheck = 1400;
				TargetAttributes = {
					D3F229A528EE396B00685B95 = {
						CreatedOnToolsVersion = 14.0;
					};
				};
			};
			buildConfigurationList = D3F229A128EE396B00685B95 /* Build configuration list for PBXProject "SoBored" */;
			compatibilityVersion = "Xcode 14.0";
			developmentRegion = en;
			hasScannedForEncodings = 0;
			knownRegions = (
				en,
				Base,
			);
			mainGroup = D3F2299D28EE396B00685B95;
			productRefGroup = D3F229A728EE396B00685B95 /* Products */;
			projectDirPath = "";
			projectRoot = "";
			targets = (
				D3F229A528EE396B00685B95 /* SoBored */,
			);
		};
/* End PBXProject section */

/* Begin PBXResourcesBuildPhase section */
		D3F229A428EE396B00685B95 /* Resources */ = {
			isa = PBXResourcesBuildPhase;
			buildActionMask = 2147483647;
			files = (
				D3F229B128EE396C00685B95 /* Preview Assets.xcassets in Resources */,
				D3F229AE28EE396C00685B95 /* Assets.xcassets in Resources */,
			);
			runOnlyForDeploymentPostprocessing = 0;
		};
/* End PBXResourcesBuildPhase section */

/* Begin PBXSourcesBuildPhase section */
		D3F229A228EE396B00685B95 /* Sources */ = {
			isa = PBXSourcesBuildPhase;
			buildActionMask = 2147483647;
			files = (
				D3C5A30E28F20662002155A3 /* CustomActivitySearchView.swift in Sources */,
				D3F229B928EE3A5E00685B95 /* ActivityItem.swift in Sources */,
				D3C5A31028F206A2002155A3 /* CustomActivitySearchViewModel.swift in Sources */,
				D310E914291361E5003D26A6 /* NavigationLink+largeBlueButton.swift in Sources */,
				D375C2AA28F2253800B284D2 /* HomeView.swift in Sources */,
				D32F52D928EF447C007ED0DA /* NetworkingManager.swift in Sources */,
				D341654528F1FA3E0048819D /* URLBuilder.swift in Sources */,
				D32F52DB28EF44F0007ED0DA /* NetworkManager+NetworkingError.swift in Sources */,
				D3F229BF28EE4B0700685B95 /* Color+Ext.swift in Sources */,
				D375C2A828F21A3600B284D2 /* AccessibilityLevelView.swift in Sources */,
				D3F229AC28EE396B00685B95 /* ActivityView.swift in Sources */,
				D375C2A628F217EB00B284D2 /* ActivityTypeLabel.swift in Sources */,
				D375C2A328F216FA00B284D2 /* CostSymbolView.swift in Sources */,
				D3F229AA28EE396B00685B95 /* SoBoredApp.swift in Sources */,
				D375C2AF28F22BE000B284D2 /* HomeViewModel.swift in Sources */,
				D3023B7C28F39811005AB4E5 /* String+trimmingPrefix.swift in Sources */,
				D32F52D728EF3F71007ED0DA /* QueryType.swift in Sources */,
			);
			runOnlyForDeploymentPostprocessing = 0;
		};
/* End PBXSourcesBuildPhase section */

/* Begin XCBuildConfiguration section */
		D3F229B228EE396C00685B95 /* Debug */ = {
			isa = XCBuildConfiguration;
			buildSettings = {
				ALWAYS_SEARCH_USER_PATHS = NO;
				CLANG_ANALYZER_NONNULL = YES;
				CLANG_ANALYZER_NUMBER_OBJECT_CONVERSION = YES_AGGRESSIVE;
				CLANG_CXX_LANGUAGE_STANDARD = "gnu++20";
				CLANG_ENABLE_MODULES = YES;
				CLANG_ENABLE_OBJC_ARC = YES;
				CLANG_ENABLE_OBJC_WEAK = YES;
				CLANG_WARN_BLOCK_CAPTURE_AUTORELEASING = YES;
				CLANG_WARN_BOOL_CONVERSION = YES;
				CLANG_WARN_COMMA = YES;
				CLANG_WARN_CONSTANT_CONVERSION = YES;
				CLANG_WARN_DEPRECATED_OBJC_IMPLEMENTATIONS = YES;
				CLANG_WARN_DIRECT_OBJC_ISA_USAGE = YES_ERROR;
				CLANG_WARN_DOCUMENTATION_COMMENTS = YES;
				CLANG_WARN_EMPTY_BODY = YES;
				CLANG_WARN_ENUM_CONVERSION = YES;
				CLANG_WARN_INFINITE_RECURSION = YES;
				CLANG_WARN_INT_CONVERSION = YES;
				CLANG_WARN_NON_LITERAL_NULL_CONVERSION = YES;
				CLANG_WARN_OBJC_IMPLICIT_RETAIN_SELF = YES;
				CLANG_WARN_OBJC_LITERAL_CONVERSION = YES;
				CLANG_WARN_OBJC_ROOT_CLASS = YES_ERROR;
				CLANG_WARN_QUOTED_INCLUDE_IN_FRAMEWORK_HEADER = YES;
				CLANG_WARN_RANGE_LOOP_ANALYSIS = YES;
				CLANG_WARN_STRICT_PROTOTYPES = YES;
				CLANG_WARN_SUSPICIOUS_MOVE = YES;
				CLANG_WARN_UNGUARDED_AVAILABILITY = YES_AGGRESSIVE;
				CLANG_WARN_UNREACHABLE_CODE = YES;
				CLANG_WARN__DUPLICATE_METHOD_MATCH = YES;
				COPY_PHASE_STRIP = NO;
				DEBUG_INFORMATION_FORMAT = dwarf;
				ENABLE_STRICT_OBJC_MSGSEND = YES;
				ENABLE_TESTABILITY = YES;
				GCC_C_LANGUAGE_STANDARD = gnu11;
				GCC_DYNAMIC_NO_PIC = NO;
				GCC_NO_COMMON_BLOCKS = YES;
				GCC_OPTIMIZATION_LEVEL = 0;
				GCC_PREPROCESSOR_DEFINITIONS = (
					"DEBUG=1",
					"$(inherited)",
				);
				GCC_WARN_64_TO_32_BIT_CONVERSION = YES;
				GCC_WARN_ABOUT_RETURN_TYPE = YES_ERROR;
				GCC_WARN_UNDECLARED_SELECTOR = YES;
				GCC_WARN_UNINITIALIZED_AUTOS = YES_AGGRESSIVE;
				GCC_WARN_UNUSED_FUNCTION = YES;
				GCC_WARN_UNUSED_VARIABLE = YES;
				IPHONEOS_DEPLOYMENT_TARGET = 16.0;
				MTL_ENABLE_DEBUG_INFO = INCLUDE_SOURCE;
				MTL_FAST_MATH = YES;
				ONLY_ACTIVE_ARCH = YES;
				SDKROOT = iphoneos;
				SWIFT_ACTIVE_COMPILATION_CONDITIONS = DEBUG;
				SWIFT_OPTIMIZATION_LEVEL = "-Onone";
			};
			name = Debug;
		};
		D3F229B328EE396C00685B95 /* Release */ = {
			isa = XCBuildConfiguration;
			buildSettings = {
				ALWAYS_SEARCH_USER_PATHS = NO;
				CLANG_ANALYZER_NONNULL = YES;
				CLANG_ANALYZER_NUMBER_OBJECT_CONVERSION = YES_AGGRESSIVE;
				CLANG_CXX_LANGUAGE_STANDARD = "gnu++20";
				CLANG_ENABLE_MODULES = YES;
				CLANG_ENABLE_OBJC_ARC = YES;
				CLANG_ENABLE_OBJC_WEAK = YES;
				CLANG_WARN_BLOCK_CAPTURE_AUTORELEASING = YES;
				CLANG_WARN_BOOL_CONVERSION = YES;
				CLANG_WARN_COMMA = YES;
				CLANG_WARN_CONSTANT_CONVERSION = YES;
				CLANG_WARN_DEPRECATED_OBJC_IMPLEMENTATIONS = YES;
				CLANG_WARN_DIRECT_OBJC_ISA_USAGE = YES_ERROR;
				CLANG_WARN_DOCUMENTATION_COMMENTS = YES;
				CLANG_WARN_EMPTY_BODY = YES;
				CLANG_WARN_ENUM_CONVERSION = YES;
				CLANG_WARN_INFINITE_RECURSION = YES;
				CLANG_WARN_INT_CONVERSION = YES;
				CLANG_WARN_NON_LITERAL_NULL_CONVERSION = YES;
				CLANG_WARN_OBJC_IMPLICIT_RETAIN_SELF = YES;
				CLANG_WARN_OBJC_LITERAL_CONVERSION = YES;
				CLANG_WARN_OBJC_ROOT_CLASS = YES_ERROR;
				CLANG_WARN_QUOTED_INCLUDE_IN_FRAMEWORK_HEADER = YES;
				CLANG_WARN_RANGE_LOOP_ANALYSIS = YES;
				CLANG_WARN_STRICT_PROTOTYPES = YES;
				CLANG_WARN_SUSPICIOUS_MOVE = YES;
				CLANG_WARN_UNGUARDED_AVAILABILITY = YES_AGGRESSIVE;
				CLANG_WARN_UNREACHABLE_CODE = YES;
				CLANG_WARN__DUPLICATE_METHOD_MATCH = YES;
				COPY_PHASE_STRIP = NO;
				DEBUG_INFORMATION_FORMAT = "dwarf-with-dsym";
				ENABLE_NS_ASSERTIONS = NO;
				ENABLE_STRICT_OBJC_MSGSEND = YES;
				GCC_C_LANGUAGE_STANDARD = gnu11;
				GCC_NO_COMMON_BLOCKS = YES;
				GCC_WARN_64_TO_32_BIT_CONVERSION = YES;
				GCC_WARN_ABOUT_RETURN_TYPE = YES_ERROR;
				GCC_WARN_UNDECLARED_SELECTOR = YES;
				GCC_WARN_UNINITIALIZED_AUTOS = YES_AGGRESSIVE;
				GCC_WARN_UNUSED_FUNCTION = YES;
				GCC_WARN_UNUSED_VARIABLE = YES;
				IPHONEOS_DEPLOYMENT_TARGET = 16.0;
				MTL_ENABLE_DEBUG_INFO = NO;
				MTL_FAST_MATH = YES;
				SDKROOT = iphoneos;
				SWIFT_COMPILATION_MODE = wholemodule;
				SWIFT_OPTIMIZATION_LEVEL = "-O";
				VALIDATE_PRODUCT = YES;
			};
			name = Release;
		};
		D3F229B528EE396C00685B95 /* Debug */ = {
			isa = XCBuildConfiguration;
			buildSettings = {
				ASSETCATALOG_COMPILER_APPICON_NAME = AppIcon;
				ASSETCATALOG_COMPILER_GLOBAL_ACCENT_COLOR_NAME = AccentColor;
				CODE_SIGN_STYLE = Automatic;
				CURRENT_PROJECT_VERSION = 1;
				DEVELOPMENT_ASSET_PATHS = "\"SoBored/Preview Content\"";
				DEVELOPMENT_TEAM = HB73YMFXYF;
				ENABLE_PREVIEWS = YES;
				GENERATE_INFOPLIST_FILE = YES;
				INFOPLIST_KEY_UIApplicationSceneManifest_Generation = YES;
				INFOPLIST_KEY_UIApplicationSupportsIndirectInputEvents = YES;
				INFOPLIST_KEY_UILaunchScreen_Generation = YES;
				INFOPLIST_KEY_UISupportedInterfaceOrientations_iPad = "UIInterfaceOrientationPortrait UIInterfaceOrientationPortraitUpsideDown UIInterfaceOrientationLandscapeLeft UIInterfaceOrientationLandscapeRight";
				INFOPLIST_KEY_UISupportedInterfaceOrientations_iPhone = "UIInterfaceOrientationPortrait UIInterfaceOrientationLandscapeLeft UIInterfaceOrientationLandscapeRight";
				IPHONEOS_DEPLOYMENT_TARGET = 15.0;
				LD_RUNPATH_SEARCH_PATHS = (
					"$(inherited)",
					"@executable_path/Frameworks",
				);
				MARKETING_VERSION = 1.0;
				PRODUCT_BUNDLE_IDENTIFIER = com.YSBoomOfficial.SoBored;
				PRODUCT_NAME = "$(TARGET_NAME)";
				SWIFT_EMIT_LOC_STRINGS = YES;
				SWIFT_VERSION = 5.0;
				TARGETED_DEVICE_FAMILY = "1,2";
			};
			name = Debug;
		};
		D3F229B628EE396C00685B95 /* Release */ = {
			isa = XCBuildConfiguration;
			buildSettings = {
				ASSETCATALOG_COMPILER_APPICON_NAME = AppIcon;
				ASSETCATALOG_COMPILER_GLOBAL_ACCENT_COLOR_NAME = AccentColor;
				CODE_SIGN_STYLE = Automatic;
				CURRENT_PROJECT_VERSION = 1;
				DEVELOPMENT_ASSET_PATHS = "\"SoBored/Preview Content\"";
				DEVELOPMENT_TEAM = HB73YMFXYF;
				ENABLE_PREVIEWS = YES;
				GENERATE_INFOPLIST_FILE = YES;
				INFOPLIST_KEY_UIApplicationSceneManifest_Generation = YES;
				INFOPLIST_KEY_UIApplicationSupportsIndirectInputEvents = YES;
				INFOPLIST_KEY_UILaunchScreen_Generation = YES;
				INFOPLIST_KEY_UISupportedInterfaceOrientations_iPad = "UIInterfaceOrientationPortrait UIInterfaceOrientationPortraitUpsideDown UIInterfaceOrientationLandscapeLeft UIInterfaceOrientationLandscapeRight";
				INFOPLIST_KEY_UISupportedInterfaceOrientations_iPhone = "UIInterfaceOrientationPortrait UIInterfaceOrientationLandscapeLeft UIInterfaceOrientationLandscapeRight";
				IPHONEOS_DEPLOYMENT_TARGET = 15.0;
				LD_RUNPATH_SEARCH_PATHS = (
					"$(inherited)",
					"@executable_path/Frameworks",
				);
				MARKETING_VERSION = 1.0;
				PRODUCT_BUNDLE_IDENTIFIER = com.YSBoomOfficial.SoBored;
				PRODUCT_NAME = "$(TARGET_NAME)";
				SWIFT_EMIT_LOC_STRINGS = YES;
				SWIFT_VERSION = 5.0;
				TARGETED_DEVICE_FAMILY = "1,2";
			};
			name = Release;
		};
/* End XCBuildConfiguration section */

/* Begin XCConfigurationList section */
		D3F229A128EE396B00685B95 /* Build configuration list for PBXProject "SoBored" */ = {
			isa = XCConfigurationList;
			buildConfigurations = (
				D3F229B228EE396C00685B95 /* Debug */,
				D3F229B328EE396C00685B95 /* Release */,
			);
			defaultConfigurationIsVisible = 0;
			defaultConfigurationName = Release;
		};
		D3F229B428EE396C00685B95 /* Build configuration list for PBXNativeTarget "SoBored" */ = {
			isa = XCConfigurationList;
			buildConfigurations = (
				D3F229B528EE396C00685B95 /* Debug */,
				D3F229B628EE396C00685B95 /* Release */,
			);
			defaultConfigurationIsVisible = 0;
			defaultConfigurationName = Release;
		};
/* End XCConfigurationList section */
	};
	rootObject = D3F2299E28EE396B00685B95 /* Project object */;
}
